
Microsoft Visual Studio Solution File, Format Version 12.00
# Visual Studio Version 17
VisualStudioVersion = 17.4.33205.214
MinimumVisualStudioVersion = 10.0.40219.1
Project("{888888A0-9F3D-457C-B088-3A5042F75D52}") = "alinag", "alinag\alinag.pyproj", "{8ACD7206-94BB-4EF7-8158-6E8C27AACFD8}"
EndProject
Global
	GlobalSection(SolutionConfigurationPlatforms) = preSolution
		Debug|Any CPU = Debug|Any CPU
		Release|Any CPU = Release|Any CPU
	EndGlobalSection
	GlobalSection(ProjectConfigurationPlatforms) = postSolution
		{8ACD7206-94BB-4EF7-8158-6E8C27AACFD8}.Debug|Any CPU.ActiveCfg = Debug|Any CPU
		{8ACD7206-94BB-4EF7-8158-6E8C27AACFD8}.Release|Any CPU.ActiveCfg = Release|Any CPU
	EndGlobalSection
	GlobalSection(SolutionProperties) = preSolution
		HideSolutionNode = FALSE
	EndGlobalSection
	GlobalSection(ExtensibilityGlobals) = postSolution
		SolutionGuid = {B902E937-D14A-4703-B3F0-B583AF2B7558}
	EndGlobalSection
EndGlobal
